{
  "pins" : [
    {
      "identity" : "nimblecrud",
      "kind" : "remoteSourceControl",
      "location" : "https://github.com/back-87/NimbleCRUD.git",
      "state" : {
        "branch" : "main",
        "revision" : "8fdc4fd0b2b9324ad704321056ec9e73b4e8064f"
      }
    },
    {
      "identity" : "numerictext",
      "kind" : "remoteSourceControl",
      "location" : "https://github.com/back-87/NumericText.git",
      "state" : {
        "revision" : "858cddcc846cb567d8b9e2d02ab27efb36742b13",
        "version" : "1.3.1"
      }
    },
    {
      "identity" : "scrollviewproxy",
      "kind" : "remoteSourceControl",
      "location" : "https://github.com/back-87/ScrollViewProxy.git",
      "state" : {
        "revision" : "9e1c644428319af7d56fbda98e4010bfa51039db",
        "version" : "1.0.7"
      }
    },
    {
      "identity" : "swiftui-introspect",
      "kind" : "remoteSourceControl",
      "location" : "https://github.com/siteline/SwiftUI-Introspect.git",
      "state" : {
        "revision" : "f2616860a41f9d9932da412a8978fec79c06fe24",
        "version" : "0.1.4"
      }
    }
  ],
  "version" : 2
}
