{
  "pins" : [
    {
      "identity" : "nimblecrud",
      "kind" : "remoteSourceControl",
      "location" : "https://github.com/back-87/NimbleCRUD.git",
      "state" : {
        "branch" : "main",
        "revision" : "b2d6b48c32378b51c86992ec371fd86883b03e66"
      }
    },
    {
      "identity" : "scrollviewproxy",
      "kind" : "remoteSourceControl",
      "location" : "https://github.com/back-87/ScrollViewProxy.git",
      "state" : {
        "revision" : "777e769e8663ad8b6d95c3b582f111563f033e77",
        "version" : "1.0.6"
      }
    },
    {
      "identity" : "swiftui-introspect",
      "kind" : "remoteSourceControl",
      "location" : "https://github.com/siteline/SwiftUI-Introspect.git",
      "state" : {
        "revision" : "f2616860a41f9d9932da412a8978fec79c06fe24",
        "version" : "0.1.4"
      }
    }
  ],
  "version" : 2
}
